
Microsoft Visual Studio Solution File, Format Version 12.00
# Visual Studio Version 17
VisualStudioVersion = 17.12.35707.178 d17.12
MinimumVisualStudioVersion = 10.0.40219.1
Project("{FAE04EC0-301F-11D3-BF4B-00C04F79EFBC}") = "FrmBasicThread", "FrmBasicThread\FrmBasicThread.csproj", "{5E96AB3B-8239-4E36-AD12-DA0DB3CC04FB}"
EndProject
Global
	GlobalSection(SolutionConfigurationPlatforms) = preSolution
		Debug|Any CPU = Debug|Any CPU
		Release|Any CPU = Release|Any CPU
	EndGlobalSection
	GlobalSection(ProjectConfigurationPlatforms) = postSolution
		{5E96AB3B-8239-4E36-AD12-DA0DB3CC04FB}.Debug|Any CPU.ActiveCfg = Debug|Any CPU
		{5E96AB3B-8239-4E36-AD12-DA0DB3CC04FB}.Debug|Any CPU.Build.0 = Debug|Any CPU
		{5E96AB3B-8239-4E36-AD12-DA0DB3CC04FB}.Release|Any CPU.ActiveCfg = Release|Any CPU
		{5E96AB3B-8239-4E36-AD12-DA0DB3CC04FB}.Release|Any CPU.Build.0 = Release|Any CPU
	EndGlobalSection
	GlobalSection(SolutionProperties) = preSolution
		HideSolutionNode = FALSE
	EndGlobalSection
EndGlobal
